# THIS IS AN AUTOGENERATED FILE. DO NOT EDIT THIS FILE DIRECTLY.
# yarn lockfile v1


"@matrix-org/olm@https://gitlab.matrix.org/api/v4/projects/27/packages/npm/@matrix-org/olm/-/@matrix-org/olm-3.2.8.tgz":
  version "3.2.8"
  resolved "https://gitlab.matrix.org/api/v4/projects/27/packages/npm/@matrix-org/olm/-/@matrix-org/olm-3.2.8.tgz#8d53636d045e1776e2a2ec6613e57330dd9ce856"

another-json@^0.2.0:
  version "0.2.0"
  resolved "https://registry.yarnpkg.com/another-json/-/another-json-0.2.0.tgz#b5f4019c973b6dd5c6506a2d93469cb6d32aeedc"
  integrity sha512-/Ndrl68UQLhnCdsAzEXLMFuOR546o2qbYRqCglaNHbjXrwG1ayTcdwr3zkSGOGtGXDyR5X9nCFfnyG2AFJIsqg==

base64-arraybuffer@^0.2.0:
  version "0.2.0"
  resolved "https://registry.yarnpkg.com/base64-arraybuffer/-/base64-arraybuffer-0.2.0.tgz#4b944fac0191aa5907afe2d8c999ccc57ce80f45"
  integrity sha512-7emyCsu1/xiBXgQZrscw/8KPRT44I4Yq9Pe6EGs3aPRTsWuggML1/1DTuZUuIaJPIm1FTDUVXl4x/yW8s0kQDQ==

boolbase@^1.0.0:
  version "1.0.0"
  resolved "https://registry.npmjs.org/boolbase/-/boolbase-1.0.0.tgz"
  integrity sha512-JZOSA7Mo9sNGB8+UjSgzdLtokWAky1zbztM3WRLCbZ70/3cTANmQmOdR7y2g+J0e2WXywy1yS468tY+IruqEww==

core-js@^3.6.5:
  version "3.25.5"
  resolved "https://registry.yarnpkg.com/core-js/-/core-js-3.25.5.tgz#e86f651a2ca8a0237a5f064c2fe56cef89646e27"
  integrity sha512-nbm6eZSjm+ZuBQxCUPQKQCoUEfFOXjUZ8dTTyikyKaWrTYmAVbykQfwsKE5dBK88u3QCkCrzsx/PPlKfhsvgpw==

css-select@^5.1.0:
  version "5.1.0"
  resolved "https://registry.npmjs.org/css-select/-/css-select-5.1.0.tgz"
  integrity sha512-nwoRF1rvRRnnCqqY7updORDsuqKzqYJ28+oSMaJMMgOauh3fvwHqMS7EZpIPqK8GL+g9mKxF1vP/ZjSeNjEVHg==
  dependencies:
    boolbase "^1.0.0"
    css-what "^6.1.0"
    domhandler "^5.0.2"
    domutils "^3.0.1"
    nth-check "^2.0.1"

css-what@^6.1.0:
  version "6.1.0"
  resolved "https://registry.npmjs.org/css-what/-/css-what-6.1.0.tgz"
  integrity sha512-HTUrgRJ7r4dsZKU6GjmpfRK1O76h97Z8MfS1G0FozR+oF2kG6Vfe8JE6zwrkbxigziPHinCJ+gCPjA9EaBDtRw==

cssom@^0.5.0:
  version "0.5.0"
  resolved "https://registry.npmjs.org/cssom/-/cssom-0.5.0.tgz"
  integrity sha512-iKuQcq+NdHqlAcwUY0o/HL69XQrUaQdMjmStJ8JFmUaiiQErlhrmuigkg/CU4E2J0IyUKUrMAgl36TvN67MqTw==

dom-serializer@^2.0.0:
  version "2.0.0"
  resolved "https://registry.npmjs.org/dom-serializer/-/dom-serializer-2.0.0.tgz"
  integrity sha512-wIkAryiqt/nV5EQKqQpo3SToSOV9J0DnbJqwK7Wv/Trc92zIAYZ4FlMu+JPFW1DfGFt81ZTCGgDEabffXeLyJg==
  dependencies:
    domelementtype "^2.3.0"
    domhandler "^5.0.2"
    entities "^4.2.0"

domelementtype@^2.3.0:
  version "2.3.0"
  resolved "https://registry.npmjs.org/domelementtype/-/domelementtype-2.3.0.tgz"
  integrity sha512-OLETBj6w0OsagBwdXnPdN0cnMfF9opN69co+7ZrbfPGrdpPVNBUj02spi6B1N7wChLQiPn4CSH/zJvXw56gmHw==

domhandler@^5.0.1, domhandler@^5.0.2:
  version "5.0.3"
  resolved "https://registry.npmjs.org/domhandler/-/domhandler-5.0.3.tgz"
  integrity sha512-cgwlv/1iFQiFnU96XXgROh8xTeetsnJiDsTc7TYCLFd9+/WNkIqPTxiM/8pSd8VIrhXGTf1Ny1q1hquVqDJB5w==
  dependencies:
    domelementtype "^2.3.0"

dompurify@^2.3.0:
  version "2.4.0"
  resolved "https://registry.yarnpkg.com/dompurify/-/dompurify-2.4.0.tgz#c9c88390f024c2823332615c9e20a453cf3825dd"
  integrity sha512-Be9tbQMZds4a3C6xTmz68NlMfeONA//4dOavl/1rNw50E+/QO0KVpbcU0PcaW0nsQxurXls9ZocqFxk8R2mWEA==

domutils@^3.0.1:
  version "3.0.1"
  resolved "https://registry.npmjs.org/domutils/-/domutils-3.0.1.tgz"
  integrity sha512-z08c1l761iKhDFtfXO04C7kTdPBLi41zwOZl00WS8b5eiaebNpY00HKbztwBq+e3vyqWNwWF3mP9YLUeqIrF+Q==
  dependencies:
    dom-serializer "^2.0.0"
    domelementtype "^2.3.0"
    domhandler "^5.0.1"

entities@^4.2.0, entities@^4.3.0:
  version "4.3.1"
  resolved "https://registry.npmjs.org/entities/-/entities-4.3.1.tgz"
  integrity sha512-o4q/dYJlmyjP2zfnaWDUC6A3BQFmVTX+tZPezK7k0GLSU9QYCauscf5Y+qcEPzKL+EixVouYDgLQK5H9GrLpkg==

html-escaper@^3.0.3:
  version "3.0.3"
  resolved "https://registry.npmjs.org/html-escaper/-/html-escaper-3.0.3.tgz"
  integrity sha512-RuMffC89BOWQoY0WKGpIhn5gX3iI54O6nRA0yC124NYVtzjmFWBIiFd8M0x+ZdX0P9R4lADg1mgP8C7PxGOWuQ==

htmlparser2@^8.0.1:
  version "8.0.1"
  resolved "https://registry.npmjs.org/htmlparser2/-/htmlparser2-8.0.1.tgz"
  integrity sha512-4lVbmc1diZC7GUJQtRQ5yBAeUCL1exyMwmForWkRLnwyzWBFxN633SALPMGYaWZvKe9j1pRZJpauvmxENSp/EA==
  dependencies:
    domelementtype "^2.3.0"
    domhandler "^5.0.2"
    domutils "^3.0.1"
    entities "^4.3.0"

hydrogen-view-sdk@^0.0.15:
  version "0.0.15"
  resolved "https://registry.yarnpkg.com/hydrogen-view-sdk/-/hydrogen-view-sdk-0.0.15.tgz#2c8302fc6e3ad6147efe66e6ceba3a93f8cdd14e"
  integrity sha512-qmXiw3EeQ6J/9IYfh/nc/fsFUa+TRx81+dk5E7p4QkDDWjWWvw60rdpObxD2iKi/DOhM9s0QvE2RyrnHxWkmdA==
  dependencies:
    "@matrix-org/olm" "https://gitlab.matrix.org/api/v4/projects/27/packages/npm/@matrix-org/olm/-/@matrix-org/olm-3.2.8.tgz"
    another-json "^0.2.0"
    base64-arraybuffer "^0.2.0"
    dompurify "^2.3.0"
    off-color "^2.0.0"

linkedom@^0.14.12:
  version "0.14.12"
  resolved "https://registry.npmjs.org/linkedom/-/linkedom-0.14.12.tgz"
  integrity sha512-8uw8LZifCwyWeVWr80T79sQTMmNXt4Da7oN5yH5gTXRqQM+TuZWJyBqRMcIp32zx/f8anHNHyil9Avw9y76ziQ==
  dependencies:
    css-select "^5.1.0"
    cssom "^0.5.0"
    html-escaper "^3.0.3"
    htmlparser2 "^8.0.1"
    uhyphen "^0.1.0"

nth-check@^2.0.1:
  version "2.1.1"
  resolved "https://registry.npmjs.org/nth-check/-/nth-check-2.1.1.tgz"
  integrity sha512-lqjrjmaOoAnWfMmBPL+XNnynZh2+swxiX3WUE0s4yEHI6m+AwrK2UZOimIRl3X/4QctVqS8AiZjFqyOGrMXb/w==
  dependencies:
    boolbase "^1.0.0"

off-color@^2.0.0:
  version "2.0.0"
  resolved "https://registry.yarnpkg.com/off-color/-/off-color-2.0.0.tgz#ecf3bda52e9a78dde535db86361e048741a56631"
  integrity sha512-JJ9ObbY2CzgT7F8PpdpHGNjQa7QbU8f4DkY3cCxYUq9NezYUMmL/oSofCc5MMaiUnNNBEFCc4w1unMA+R8syvw==
  dependencies:
    core-js "^3.6.5"

prettier@^2.7.1:
  version "2.7.1"
  resolved "https://registry.yarnpkg.com/prettier/-/prettier-2.7.1.tgz#e235806850d057f97bb08368a4f7d899f7760c64"
  integrity sha512-ujppO+MkdPqoVINuDFDRLClm7D78qbDt0/NR+wp5FqEZOoTNAjPHWj17QRhu7geIHJfcNhRk1XVQmF8Bp3ye+g==

uhyphen@^0.1.0:
  version "0.1.0"
  resolved "https://registry.npmjs.org/uhyphen/-/uhyphen-0.1.0.tgz"
  integrity sha512-o0QVGuFg24FK765Qdd5kk0zU/U4dEsCtN/GSiwNI9i8xsSVtjIAOdTaVhLwZ1nrbWxFVMxNDDl+9fednsOMsBw==
